{
  "name": "can_monitor",
  "lockfileVersion": 3,
  "requires": true,
  "packages": {
    "": {
      "dependencies": {
        "@fontsource/inter": "^5.2.5"
      }
    },
    "node_modules/@fontsource/inter": {
      "version": "5.2.5",
      "resolved": "https://registry.npmjs.org/@fontsource/inter/-/inter-5.2.5.tgz",
      "integrity": "sha512-kbsPKj0S4p44JdYRFiW78Td8Ge2sBVxi/PIBwmih+RpSXUdvS9nbs1HIiuUSPtRMi14CqLEZ/fbk7dj7vni1Sg==",
      "license": "OFL-1.1",
      "funding": {
        "url": "https://github.com/sponsors/ayuhito"
      }
    }
  }
}
