# THIS IS AN AUTOGENERATED FILE. DO NOT EDIT THIS FILE DIRECTLY.
# yarn lockfile v1


"@fontsource/inter@^5.2.5":
  version "5.2.5"
  resolved "https://registry.yarnpkg.com/@fontsource/inter/-/inter-5.2.5.tgz#69efffe6ccfae138cbe1806f41daa39cef986b59"
  integrity sha512-kbsPKj0S4p44JdYRFiW78Td8Ge2sBVxi/PIBwmih+RpSXUdvS9nbs1HIiuUSPtRMi14CqLEZ/fbk7dj7vni1Sg==
